
Microsoft Visual Studio Solution File, Format Version 12.00
# Visual Studio Version 17
VisualStudioVersion = 17.3.32929.385
MinimumVisualStudioVersion = 10.0.40219.1
Project("{FAE04EC0-301F-11D3-BF4B-00C04F79EFBC}") = "Kolos1", "Kolos1\Kolos1.csproj", "{61397AD5-483D-41F3-BC27-93109A1A6E1F}"
EndProject
Global
	GlobalSection(SolutionConfigurationPlatforms) = preSolution
		Debug|Any CPU = Debug|Any CPU
		Release|Any CPU = Release|Any CPU
	EndGlobalSection
	GlobalSection(ProjectConfigurationPlatforms) = postSolution
		{61397AD5-483D-41F3-BC27-93109A1A6E1F}.Debug|Any CPU.ActiveCfg = Debug|Any CPU
		{61397AD5-483D-41F3-BC27-93109A1A6E1F}.Debug|Any CPU.Build.0 = Debug|Any CPU
		{61397AD5-483D-41F3-BC27-93109A1A6E1F}.Release|Any CPU.ActiveCfg = Release|Any CPU
		{61397AD5-483D-41F3-BC27-93109A1A6E1F}.Release|Any CPU.Build.0 = Release|Any CPU
	EndGlobalSection
	GlobalSection(SolutionProperties) = preSolution
		HideSolutionNode = FALSE
	EndGlobalSection
	GlobalSection(ExtensibilityGlobals) = postSolution
		SolutionGuid = {15B6E54E-D738-4FDE-85A6-426EE59B2C71}
	EndGlobalSection
EndGlobal
